
Microsoft Visual Studio Solution File, Format Version 12.00
# Visual Studio Version 16
VisualStudioVersion = 16.0.810.16
MinimumVisualStudioVersion = 10.0.40219.1
Project("{FAE04EC0-301F-11D3-BF4B-00C04F79EFBC}") = "net5-soap", "net5-soap\net5-soap.csproj", "{79FC0466-C502-4BC9-8FCD-F2BE5A464C1F}"
EndProject
Global
	GlobalSection(SolutionConfigurationPlatforms) = preSolution
		Debug|Any CPU = Debug|Any CPU
		Release|Any CPU = Release|Any CPU
	EndGlobalSection
	GlobalSection(ProjectConfigurationPlatforms) = postSolution
		{79FC0466-C502-4BC9-8FCD-F2BE5A464C1F}.Debug|Any CPU.ActiveCfg = Debug|Any CPU
		{79FC0466-C502-4BC9-8FCD-F2BE5A464C1F}.Debug|Any CPU.Build.0 = Debug|Any CPU
		{79FC0466-C502-4BC9-8FCD-F2BE5A464C1F}.Release|Any CPU.ActiveCfg = Release|Any CPU
		{79FC0466-C502-4BC9-8FCD-F2BE5A464C1F}.Release|Any CPU.Build.0 = Release|Any CPU
	EndGlobalSection
	GlobalSection(SolutionProperties) = preSolution
		HideSolutionNode = FALSE
	EndGlobalSection
	GlobalSection(ExtensibilityGlobals) = postSolution
		SolutionGuid = {F22EE85D-1436-444F-B80C-6A867FAD23A4}
	EndGlobalSection
EndGlobal
